
Microsoft Visual Studio Solution File, Format Version 12.00
# Visual Studio Version 17
VisualStudioVersion = 17.6.33829.357
MinimumVisualStudioVersion = 10.0.40219.1
Project("{FAE04EC0-301F-11D3-BF4B-00C04F79EFBC}") = "miniPaint", "miniPaint.csproj", "{D4969479-F84D-49FA-84A9-3D48D9F642B3}"
EndProject
Global
	GlobalSection(SolutionConfigurationPlatforms) = preSolution
		Debug|Any CPU = Debug|Any CPU
		Release|Any CPU = Release|Any CPU
	EndGlobalSection
	GlobalSection(ProjectConfigurationPlatforms) = postSolution
		{D4969479-F84D-49FA-84A9-3D48D9F642B3}.Debug|Any CPU.ActiveCfg = Debug|Any CPU
		{D4969479-F84D-49FA-84A9-3D48D9F642B3}.Debug|Any CPU.Build.0 = Debug|Any CPU
		{D4969479-F84D-49FA-84A9-3D48D9F642B3}.Release|Any CPU.ActiveCfg = Release|Any CPU
		{D4969479-F84D-49FA-84A9-3D48D9F642B3}.Release|Any CPU.Build.0 = Release|Any CPU
	EndGlobalSection
	GlobalSection(SolutionProperties) = preSolution
		HideSolutionNode = FALSE
	EndGlobalSection
	GlobalSection(ExtensibilityGlobals) = postSolution
		SolutionGuid = {E7FF5F73-BB58-4358-856D-961ED049A7E1}
	EndGlobalSection
EndGlobal
